
Microsoft Visual Studio Solution File, Format Version 12.00
# Visual Studio 15
VisualStudioVersion = 15.0.28010.2036
MinimumVisualStudioVersion = 10.0.40219.1
Project("{9A19103F-16F7-4668-BE54-9A1E7A4F7556}") = "ONWServices", "ONWServices\ONWServices.csproj", "{CBD51320-1A52-4DA9-855A-8C7BE67B9BA6}"
EndProject
Project("{FAE04EC0-301F-11D3-BF4B-00C04F79EFBC}") = "ONWServices.Tests", "ONWServices.Tests\ONWServices.Tests.csproj", "{EEA82A71-BCF9-42C5-8E37-EA5D9B4C003E}"
EndProject
Global
	GlobalSection(SolutionConfigurationPlatforms) = preSolution
		Debug|Any CPU = Debug|Any CPU
		Release|Any CPU = Release|Any CPU
	EndGlobalSection
	GlobalSection(ProjectConfigurationPlatforms) = postSolution
		{CBD51320-1A52-4DA9-855A-8C7BE67B9BA6}.Debug|Any CPU.ActiveCfg = Debug|Any CPU
		{CBD51320-1A52-4DA9-855A-8C7BE67B9BA6}.Debug|Any CPU.Build.0 = Debug|Any CPU
		{CBD51320-1A52-4DA9-855A-8C7BE67B9BA6}.Release|Any CPU.ActiveCfg = Release|Any CPU
		{CBD51320-1A52-4DA9-855A-8C7BE67B9BA6}.Release|Any CPU.Build.0 = Release|Any CPU
		{EEA82A71-BCF9-42C5-8E37-EA5D9B4C003E}.Debug|Any CPU.ActiveCfg = Debug|Any CPU
		{EEA82A71-BCF9-42C5-8E37-EA5D9B4C003E}.Debug|Any CPU.Build.0 = Debug|Any CPU
		{EEA82A71-BCF9-42C5-8E37-EA5D9B4C003E}.Release|Any CPU.ActiveCfg = Release|Any CPU
		{EEA82A71-BCF9-42C5-8E37-EA5D9B4C003E}.Release|Any CPU.Build.0 = Release|Any CPU
	EndGlobalSection
	GlobalSection(SolutionProperties) = preSolution
		HideSolutionNode = FALSE
	EndGlobalSection
	GlobalSection(ExtensibilityGlobals) = postSolution
		SolutionGuid = {ADD89225-6088-4C8E-9C83-20CFA1D1A510}
	EndGlobalSection
EndGlobal
